{
  "name": "6690fabd3917d3b4",
  "lockfileVersion": 3,
  "requires": true,
  "packages": {
    "": {
      "dependencies": {
        "zeabur": "^0.22.0"
      }
    },
    "node_modules/zeabur": {
      "version": "0.22.0",
      "resolved": "https://registry.npmjs.org/zeabur/-/zeabur-0.22.0.tgz",
      "integrity": "sha512-/KLSvynXZxNF9i7SPpz1iHOllkTahNXjgYwubi23Jru8lNLT9RNBQoQyMP+n68scJuRQtrfetZm18Sm5Qtw9Nw==",
      "bin": {
        "zeabur": "index.js"
      }
    }
  }
}
